Microsoft Visual Studio Solution File, Format Version 12.00
# Visual Studio Version 17
VisualStudioVersion = 17.5.2.0
MinimumVisualStudioVersion = 10.0.40219.1
Project("{FAE04EC0-301F-11D3-BF4B-00C04F79EFBC}") = "Cafe_APP", "Cafe_APP.csproj", "{BB8788A3-6D73-DA42-7B4E-87257168124B}"
EndProject
Global
	GlobalSection(SolutionConfigurationPlatforms) = preSolution
		Debug|Any CPU = Debug|Any CPU
		Release|Any CPU = Release|Any CPU
	EndGlobalSection
	GlobalSection(ProjectConfigurationPlatforms) = postSolution
		{BB8788A3-6D73-DA42-7B4E-87257168124B}.Debug|Any CPU.ActiveCfg = Debug|Any CPU
		{BB8788A3-6D73-DA42-7B4E-87257168124B}.Debug|Any CPU.Build.0 = Debug|Any CPU
		{BB8788A3-6D73-DA42-7B4E-87257168124B}.Release|Any CPU.ActiveCfg = Release|Any CPU
		{BB8788A3-6D73-DA42-7B4E-87257168124B}.Release|Any CPU.Build.0 = Release|Any CPU
	EndGlobalSection
	GlobalSection(SolutionProperties) = preSolution
		HideSolutionNode = FALSE
	EndGlobalSection
	GlobalSection(ExtensibilityGlobals) = postSolution
		SolutionGuid = {14D14B43-4C4E-4BEE-95C2-15B7275DBF02}
	EndGlobalSection
EndGlobal
